// !$*UTF8*$!
{
	archiveVersion = 1;
	classes = {
	};
	objectVersion = 55;
	objects = {

/* Begin PBXBuildFile section */
		A9FBA98727122C090005E5B6 /* AppDelegate.swift in Sources */ = {isa = PBXBuildFile; fileRef = A9FBA98627122C090005E5B6 /* AppDelegate.swift */; };
		A9FBA98927122C090005E5B6 /* SceneDelegate.swift in Sources */ = {isa = PBXBuildFile; fileRef = A9FBA98827122C090005E5B6 /* SceneDelegate.swift */; };
		A9FBA98C27122C090005E5B6 /* LaunchScreen.storyboard in Resources */ = {isa = PBXBuildFile; fileRef = A9FBA98A27122C090005E5B6 /* LaunchScreen.storyboard */; };
		A9FBA98F27122C090005E5B6 /* Main.storyboard in Resources */ = {isa = PBXBuildFile; fileRef = A9FBA98D27122C090005E5B6 /* Main.storyboard */; };
		A9FBA99827122C090005E5B6 /* AppDelegate.swift in Sources */ = {isa = PBXBuildFile; fileRef = A9FBA99727122C090005E5B6 /* AppDelegate.swift */; };
		A9FBA99B27122C090005E5B6 /* Main.storyboard in Resources */ = {isa = PBXBuildFile; fileRef = A9FBA99927122C090005E5B6 /* Main.storyboard */; };
		A9FBA9A327122C090005E5B6 /* Schedulist Extension.appex in Embed App Extensions */ = {isa = PBXBuildFile; fileRef = A9FBA9A227122C090005E5B6 /* Schedulist Extension.appex */; settings = {ATTRIBUTES = (RemoveHeadersOnCopy, ); }; };
		A9FBA9AD27122C090005E5B6 /* Schedulist Extension.appex in Embed App Extensions */ = {isa = PBXBuildFile; fileRef = A9FBA9AC27122C090005E5B6 /* Schedulist Extension.appex */; settings = {ATTRIBUTES = (RemoveHeadersOnCopy, ); }; };
		A9FBA9B327122C090005E5B6 /* Main.html in Resources */ = {isa = PBXBuildFile; fileRef = A9FBA97627122C070005E5B6 /* Main.html */; };
		A9FBA9B427122C090005E5B6 /* Main.html in Resources */ = {isa = PBXBuildFile; fileRef = A9FBA97627122C070005E5B6 /* Main.html */; };
		A9FBA9B527122C090005E5B6 /* Icon.png in Resources */ = {isa = PBXBuildFile; fileRef = A9FBA97827122C070005E5B6 /* Icon.png */; };
		A9FBA9B627122C090005E5B6 /* Icon.png in Resources */ = {isa = PBXBuildFile; fileRef = A9FBA97827122C070005E5B6 /* Icon.png */; };
		A9FBA9B727122C090005E5B6 /* Style.css in Resources */ = {isa = PBXBuildFile; fileRef = A9FBA97927122C070005E5B6 /* Style.css */; };
		A9FBA9B827122C090005E5B6 /* Style.css in Resources */ = {isa = PBXBuildFile; fileRef = A9FBA97927122C070005E5B6 /* Style.css */; };
		A9FBA9B927122C090005E5B6 /* Script.js in Resources */ = {isa = PBXBuildFile; fileRef = A9FBA97A27122C070005E5B6 /* Script.js */; };
		A9FBA9BA27122C090005E5B6 /* Script.js in Resources */ = {isa = PBXBuildFile; fileRef = A9FBA97A27122C070005E5B6 /* Script.js */; };
		A9FBA9BB27122C090005E5B6 /* ViewController.swift in Sources */ = {isa = PBXBuildFile; fileRef = A9FBA97B27122C070005E5B6 /* ViewController.swift */; };
		A9FBA9BC27122C090005E5B6 /* ViewController.swift in Sources */ = {isa = PBXBuildFile; fileRef = A9FBA97B27122C070005E5B6 /* ViewController.swift */; };
		A9FBA9BD27122C090005E5B6 /* Assets.xcassets in Resources */ = {isa = PBXBuildFile; fileRef = A9FBA97C27122C090005E5B6 /* Assets.xcassets */; };
		A9FBA9BE27122C090005E5B6 /* Assets.xcassets in Resources */ = {isa = PBXBuildFile; fileRef = A9FBA97C27122C090005E5B6 /* Assets.xcassets */; };
		A9FBA9BF27122C090005E5B6 /* SafariWebExtensionHandler.swift in Sources */ = {isa = PBXBuildFile; fileRef = A9FBA97E27122C090005E5B6 /* SafariWebExtensionHandler.swift */; };
		A9FBA9C027122C090005E5B6 /* SafariWebExtensionHandler.swift in Sources */ = {isa = PBXBuildFile; fileRef = A9FBA97E27122C090005E5B6 /* SafariWebExtensionHandler.swift */; };
		A9FBA9D627122C090005E5B6 /* background.js in Resources */ = {isa = PBXBuildFile; fileRef = A9FBA9D227122C090005E5B6 /* background.js */; };
		A9FBA9D727122C090005E5B6 /* manifest.json in Resources */ = {isa = PBXBuildFile; fileRef = A9FBA9D327122C090005E5B6 /* manifest.json */; };
		A9FBA9D827122C090005E5B6 /* assets in Resources */ = {isa = PBXBuildFile; fileRef = A9FBA9D427122C090005E5B6 /* assets */; };
		A9FBA9D927122C090005E5B6 /* contentScript.js in Resources */ = {isa = PBXBuildFile; fileRef = A9FBA9D527122C090005E5B6 /* contentScript.js */; };
		A9FBA9DA27122C090005E5B6 /* background.js in Resources */ = {isa = PBXBuildFile; fileRef = A9FBA9D227122C090005E5B6 /* background.js */; };
		A9FBA9DB27122C090005E5B6 /* manifest.json in Resources */ = {isa = PBXBuildFile; fileRef = A9FBA9D327122C090005E5B6 /* manifest.json */; };
		A9FBA9DC27122C090005E5B6 /* assets in Resources */ = {isa = PBXBuildFile; fileRef = A9FBA9D427122C090005E5B6 /* assets */; };
		A9FBA9DD27122C090005E5B6 /* contentScript.js in Resources */ = {isa = PBXBuildFile; fileRef = A9FBA9D527122C090005E5B6 /* contentScript.js */; };
/* End PBXBuildFile section */

/* Begin PBXContainerItemProxy section */
		A9FBA9A427122C090005E5B6 /* PBXContainerItemProxy */ = {
			isa = PBXContainerItemProxy;
			containerPortal = A9FBA97027122C070005E5B6 /* Project object */;
			proxyType = 1;
			remoteGlobalIDString = A9FBA9A127122C090005E5B6;
			remoteInfo = "Schedulist Extension (iOS)";
		};
		A9FBA9AE27122C090005E5B6 /* PBXContainerItemProxy */ = {
			isa = PBXContainerItemProxy;
			containerPortal = A9FBA97027122C070005E5B6 /* Project object */;
			proxyType = 1;
			remoteGlobalIDString = A9FBA9AB27122C090005E5B6;
			remoteInfo = "Schedulist Extension (macOS)";
		};
/* End PBXContainerItemProxy section */

/* Begin PBXCopyFilesBuildPhase section */
		A9FBA9C627122C090005E5B6 /* Embed App Extensions */ = {
			isa = PBXCopyFilesBuildPhase;
			buildActionMask = 2147483647;
			dstPath = "";
			dstSubfolderSpec = 13;
			files = (
				A9FBA9A327122C090005E5B6 /* Schedulist Extension.appex in Embed App Extensions */,
			);
			name = "Embed App Extensions";
			runOnlyForDeploymentPostprocessing = 0;
		};
		A9FBA9CD27122C090005E5B6 /* Embed App Extensions */ = {
			isa = PBXCopyFilesBuildPhase;
			buildActionMask = 2147483647;
			dstPath = "";
			dstSubfolderSpec = 13;
			files = (
				A9FBA9AD27122C090005E5B6 /* Schedulist Extension.appex in Embed App Extensions */,
			);
			name = "Embed App Extensions";
			runOnlyForDeploymentPostprocessing = 0;
		};
/* End PBXCopyFilesBuildPhase section */

/* Begin PBXFileReference section */
		A9FBA97727122C070005E5B6 /* Base */ = {isa = PBXFileReference; lastKnownFileType = text.html; name = Base; path = ../Base.lproj/Main.html; sourceTree = "<group>"; };
		A9FBA97827122C070005E5B6 /* Icon.png */ = {isa = PBXFileReference; lastKnownFileType = image.png; path = Icon.png; sourceTree = "<group>"; };
		A9FBA97927122C070005E5B6 /* Style.css */ = {isa = PBXFileReference; lastKnownFileType = text.css; path = Style.css; sourceTree = "<group>"; };
		A9FBA97A27122C070005E5B6 /* Script.js */ = {isa = PBXFileReference; lastKnownFileType = sourcecode.javascript; path = Script.js; sourceTree = "<group>"; };
		A9FBA97B27122C070005E5B6 /* ViewController.swift */ = {isa = PBXFileReference; lastKnownFileType = sourcecode.swift; path = ViewController.swift; sourceTree = "<group>"; };
		A9FBA97C27122C090005E5B6 /* Assets.xcassets */ = {isa = PBXFileReference; lastKnownFileType = folder.assetcatalog; path = Assets.xcassets; sourceTree = "<group>"; };
		A9FBA97E27122C090005E5B6 /* SafariWebExtensionHandler.swift */ = {isa = PBXFileReference; lastKnownFileType = sourcecode.swift; path = SafariWebExtensionHandler.swift; sourceTree = "<group>"; };
		A9FBA98327122C090005E5B6 /* Schedulist.app */ = {isa = PBXFileReference; explicitFileType = wrapper.application; includeInIndex = 0; path = Schedulist.app; sourceTree = BUILT_PRODUCTS_DIR; };
		A9FBA98627122C090005E5B6 /* AppDelegate.swift */ = {isa = PBXFileReference; lastKnownFileType = sourcecode.swift; path = AppDelegate.swift; sourceTree = "<group>"; };
		A9FBA98827122C090005E5B6 /* SceneDelegate.swift */ = {isa = PBXFileReference; lastKnownFileType = sourcecode.swift; path = SceneDelegate.swift; sourceTree = "<group>"; };
		A9FBA98B27122C090005E5B6 /* Base */ = {isa = PBXFileReference; lastKnownFileType = file.storyboard; name = Base; path = Base.lproj/LaunchScreen.storyboard; sourceTree = "<group>"; };
		A9FBA98E27122C090005E5B6 /* Base */ = {isa = PBXFileReference; lastKnownFileType = file.storyboard; name = Base; path = Base.lproj/Main.storyboard; sourceTree = "<group>"; };
		A9FBA99027122C090005E5B6 /* Info.plist */ = {isa = PBXFileReference; lastKnownFileType = text.plist.xml; path = Info.plist; sourceTree = "<group>"; };
		A9FBA99527122C090005E5B6 /* Schedulist.app */ = {isa = PBXFileReference; explicitFileType = wrapper.application; includeInIndex = 0; path = Schedulist.app; sourceTree = BUILT_PRODUCTS_DIR; };
		A9FBA99727122C090005E5B6 /* AppDelegate.swift */ = {isa = PBXFileReference; lastKnownFileType = sourcecode.swift; path = AppDelegate.swift; sourceTree = "<group>"; };
		A9FBA99A27122C090005E5B6 /* Base */ = {isa = PBXFileReference; lastKnownFileType = file.storyboard; name = Base; path = Base.lproj/Main.storyboard; sourceTree = "<group>"; };
		A9FBA99C27122C090005E5B6 /* Info.plist */ = {isa = PBXFileReference; lastKnownFileType = text.plist.xml; path = Info.plist; sourceTree = "<group>"; };
		A9FBA99D27122C090005E5B6 /* Schedulist.entitlements */ = {isa = PBXFileReference; lastKnownFileType = text.plist.entitlements; path = Schedulist.entitlements; sourceTree = "<group>"; };
		A9FBA9A227122C090005E5B6 /* Schedulist Extension.appex */ = {isa = PBXFileReference; explicitFileType = "wrapper.app-extension"; includeInIndex = 0; path = "Schedulist Extension.appex"; sourceTree = BUILT_PRODUCTS_DIR; };
		A9FBA9A727122C090005E5B6 /* Info.plist */ = {isa = PBXFileReference; lastKnownFileType = text.plist.xml; path = Info.plist; sourceTree = "<group>"; };
		A9FBA9AC27122C090005E5B6 /* Schedulist Extension.appex */ = {isa = PBXFileReference; explicitFileType = "wrapper.app-extension"; includeInIndex = 0; path = "Schedulist Extension.appex"; sourceTree = BUILT_PRODUCTS_DIR; };
		A9FBA9B127122C090005E5B6 /* Info.plist */ = {isa = PBXFileReference; lastKnownFileType = text.plist.xml; path = Info.plist; sourceTree = "<group>"; };
		A9FBA9B227122C090005E5B6 /* Schedulist.entitlements */ = {isa = PBXFileReference; lastKnownFileType = text.plist.entitlements; path = Schedulist.entitlements; sourceTree = "<group>"; };
		A9FBA9D227122C090005E5B6 /* background.js */ = {isa = PBXFileReference; lastKnownFileType = sourcecode.javascript; name = background.js; path = ../../../src/background.js; sourceTree = "<group>"; };
		A9FBA9D327122C090005E5B6 /* manifest.json */ = {isa = PBXFileReference; lastKnownFileType = text.json; name = manifest.json; path = ../../../src/manifest.json; sourceTree = "<group>"; };
		A9FBA9D427122C090005E5B6 /* assets */ = {isa = PBXFileReference; lastKnownFileType = folder; name = assets; path = ../../../src/assets; sourceTree = "<group>"; };
		A9FBA9D527122C090005E5B6 /* contentScript.js */ = {isa = PBXFileReference; lastKnownFileType = sourcecode.javascript; name = contentScript.js; path = ../../../src/contentScript.js; sourceTree = "<group>"; };
/* End PBXFileReference section */

/* Begin PBXFrameworksBuildPhase section */
		A9FBA98027122C090005E5B6 /* Frameworks */ = {
			isa = PBXFrameworksBuildPhase;
			buildActionMask = 2147483647;
			files = (
			);
			runOnlyForDeploymentPostprocessing = 0;
		};
		A9FBA99227122C090005E5B6 /* Frameworks */ = {
			isa = PBXFrameworksBuildPhase;
			buildActionMask = 2147483647;
			files = (
			);
			runOnlyForDeploymentPostprocessing = 0;
		};
		A9FBA99F27122C090005E5B6 /* Frameworks */ = {
			isa = PBXFrameworksBuildPhase;
			buildActionMask = 2147483647;
			files = (
			);
			runOnlyForDeploymentPostprocessing = 0;
		};
		A9FBA9A927122C090005E5B6 /* Frameworks */ = {
			isa = PBXFrameworksBuildPhase;
			buildActionMask = 2147483647;
			files = (
			);
			runOnlyForDeploymentPostprocessing = 0;
		};
/* End PBXFrameworksBuildPhase section */

/* Begin PBXGroup section */
		A9FBA96F27122C070005E5B6 = {
			isa = PBXGroup;
			children = (
				A9FBA97427122C070005E5B6 /* Shared (App) */,
				A9FBA97D27122C090005E5B6 /* Shared (Extension) */,
				A9FBA98527122C090005E5B6 /* iOS (App) */,
				A9FBA99627122C090005E5B6 /* macOS (App) */,
				A9FBA9A627122C090005E5B6 /* iOS (Extension) */,
				A9FBA9B027122C090005E5B6 /* macOS (Extension) */,
				A9FBA98427122C090005E5B6 /* Products */,
			);
			sourceTree = "<group>";
		};
		A9FBA97427122C070005E5B6 /* Shared (App) */ = {
			isa = PBXGroup;
			children = (
				A9FBA97B27122C070005E5B6 /* ViewController.swift */,
				A9FBA97C27122C090005E5B6 /* Assets.xcassets */,
				A9FBA97527122C070005E5B6 /* Resources */,
			);
			path = "Shared (App)";
			sourceTree = "<group>";
		};
		A9FBA97527122C070005E5B6 /* Resources */ = {
			isa = PBXGroup;
			children = (
				A9FBA97627122C070005E5B6 /* Main.html */,
				A9FBA97827122C070005E5B6 /* Icon.png */,
				A9FBA97927122C070005E5B6 /* Style.css */,
				A9FBA97A27122C070005E5B6 /* Script.js */,
			);
			path = Resources;
			sourceTree = "<group>";
		};
		A9FBA97D27122C090005E5B6 /* Shared (Extension) */ = {
			isa = PBXGroup;
			children = (
				A9FBA9D127122C090005E5B6 /* Resources */,
				A9FBA97E27122C090005E5B6 /* SafariWebExtensionHandler.swift */,
			);
			path = "Shared (Extension)";
			sourceTree = "<group>";
		};
		A9FBA98427122C090005E5B6 /* Products */ = {
			isa = PBXGroup;
			children = (
				A9FBA98327122C090005E5B6 /* Schedulist.app */,
				A9FBA99527122C090005E5B6 /* Schedulist.app */,
				A9FBA9A227122C090005E5B6 /* Schedulist Extension.appex */,
				A9FBA9AC27122C090005E5B6 /* Schedulist Extension.appex */,
			);
			name = Products;
			sourceTree = "<group>";
		};
		A9FBA98527122C090005E5B6 /* iOS (App) */ = {
			isa = PBXGroup;
			children = (
				A9FBA98627122C090005E5B6 /* AppDelegate.swift */,
				A9FBA98827122C090005E5B6 /* SceneDelegate.swift */,
				A9FBA98A27122C090005E5B6 /* LaunchScreen.storyboard */,
				A9FBA98D27122C090005E5B6 /* Main.storyboard */,
				A9FBA99027122C090005E5B6 /* Info.plist */,
			);
			path = "iOS (App)";
			sourceTree = "<group>";
		};
		A9FBA99627122C090005E5B6 /* macOS (App) */ = {
			isa = PBXGroup;
			children = (
				A9FBA99727122C090005E5B6 /* AppDelegate.swift */,
				A9FBA99927122C090005E5B6 /* Main.storyboard */,
				A9FBA99C27122C090005E5B6 /* Info.plist */,
				A9FBA99D27122C090005E5B6 /* Schedulist.entitlements */,
			);
			path = "macOS (App)";
			sourceTree = "<group>";
		};
		A9FBA9A627122C090005E5B6 /* iOS (Extension) */ = {
			isa = PBXGroup;
			children = (
				A9FBA9A727122C090005E5B6 /* Info.plist */,
			);
			path = "iOS (Extension)";
			sourceTree = "<group>";
		};
		A9FBA9B027122C090005E5B6 /* macOS (Extension) */ = {
			isa = PBXGroup;
			children = (
				A9FBA9B127122C090005E5B6 /* Info.plist */,
				A9FBA9B227122C090005E5B6 /* Schedulist.entitlements */,
			);
			path = "macOS (Extension)";
			sourceTree = "<group>";
		};
		A9FBA9D127122C090005E5B6 /* Resources */ = {
			isa = PBXGroup;
			children = (
				A9FBA9D227122C090005E5B6 /* background.js */,
				A9FBA9D327122C090005E5B6 /* manifest.json */,
				A9FBA9D427122C090005E5B6 /* assets */,
				A9FBA9D527122C090005E5B6 /* contentScript.js */,
			);
			name = Resources;
			path = "Shared (Extension)";
			sourceTree = SOURCE_ROOT;
		};
/* End PBXGroup section */

/* Begin PBXNativeTarget section */
		A9FBA98227122C090005E5B6 /* Schedulist (iOS) */ = {
			isa = PBXNativeTarget;
			buildConfigurationList = A9FBA9C727122C090005E5B6 /* Build configuration list for PBXNativeTarget "Schedulist (iOS)" */;
			buildPhases = (
				A9FBA97F27122C090005E5B6 /* Sources */,
				A9FBA98027122C090005E5B6 /* Frameworks */,
				A9FBA98127122C090005E5B6 /* Resources */,
				A9FBA9C627122C090005E5B6 /* Embed App Extensions */,
			);
			buildRules = (
			);
			dependencies = (
				A9FBA9A527122C090005E5B6 /* PBXTargetDependency */,
			);
			name = "Schedulist (iOS)";
			productName = "Schedulist (iOS)";
			productReference = A9FBA98327122C090005E5B6 /* Schedulist.app */;
			productType = "com.apple.product-type.application";
		};
		A9FBA99427122C090005E5B6 /* Schedulist (macOS) */ = {
			isa = PBXNativeTarget;
			buildConfigurationList = A9FBA9CE27122C090005E5B6 /* Build configuration list for PBXNativeTarget "Schedulist (macOS)" */;
			buildPhases = (
				A9FBA99127122C090005E5B6 /* Sources */,
				A9FBA99227122C090005E5B6 /* Frameworks */,
				A9FBA99327122C090005E5B6 /* Resources */,
				A9FBA9CD27122C090005E5B6 /* Embed App Extensions */,
			);
			buildRules = (
			);
			dependencies = (
				A9FBA9AF27122C090005E5B6 /* PBXTargetDependency */,
			);
			name = "Schedulist (macOS)";
			productName = "Schedulist (macOS)";
			productReference = A9FBA99527122C090005E5B6 /* Schedulist.app */;
			productType = "com.apple.product-type.application";
		};
		A9FBA9A127122C090005E5B6 /* Schedulist Extension (iOS) */ = {
			isa = PBXNativeTarget;
			buildConfigurationList = A9FBA9C327122C090005E5B6 /* Build configuration list for PBXNativeTarget "Schedulist Extension (iOS)" */;
			buildPhases = (
				A9FBA99E27122C090005E5B6 /* Sources */,
				A9FBA99F27122C090005E5B6 /* Frameworks */,
				A9FBA9A027122C090005E5B6 /* Resources */,
			);
			buildRules = (
			);
			dependencies = (
			);
			name = "Schedulist Extension (iOS)";
			productName = "Schedulist Extension (iOS)";
			productReference = A9FBA9A227122C090005E5B6 /* Schedulist Extension.appex */;
			productType = "com.apple.product-type.app-extension";
		};
		A9FBA9AB27122C090005E5B6 /* Schedulist Extension (macOS) */ = {
			isa = PBXNativeTarget;
			buildConfigurationList = A9FBA9CA27122C090005E5B6 /* Build configuration list for PBXNativeTarget "Schedulist Extension (macOS)" */;
			buildPhases = (
				A9FBA9A827122C090005E5B6 /* Sources */,
				A9FBA9A927122C090005E5B6 /* Frameworks */,
				A9FBA9AA27122C090005E5B6 /* Resources */,
			);
			buildRules = (
			);
			dependencies = (
			);
			name = "Schedulist Extension (macOS)";
			productName = "Schedulist Extension (macOS)";
			productReference = A9FBA9AC27122C090005E5B6 /* Schedulist Extension.appex */;
			productType = "com.apple.product-type.app-extension";
		};
/* End PBXNativeTarget section */

/* Begin PBXProject section */
		A9FBA97027122C070005E5B6 /* Project object */ = {
			isa = PBXProject;
			attributes = {
				BuildIndependentTargetsInParallel = 1;
				LastSwiftUpdateCheck = 1300;
				LastUpgradeCheck = 1300;
				TargetAttributes = {
					A9FBA98227122C090005E5B6 = {
						CreatedOnToolsVersion = 13.0;
					};
					A9FBA99427122C090005E5B6 = {
						CreatedOnToolsVersion = 13.0;
					};
					A9FBA9A127122C090005E5B6 = {
						CreatedOnToolsVersion = 13.0;
					};
					A9FBA9AB27122C090005E5B6 = {
						CreatedOnToolsVersion = 13.0;
					};
				};
			};
			buildConfigurationList = A9FBA97327122C070005E5B6 /* Build configuration list for PBXProject "Schedulist" */;
			compatibilityVersion = "Xcode 13.0";
			developmentRegion = en;
			hasScannedForEncodings = 0;
			knownRegions = (
				en,
				Base,
			);
			mainGroup = A9FBA96F27122C070005E5B6;
			productRefGroup = A9FBA98427122C090005E5B6 /* Products */;
			projectDirPath = "";
			projectRoot = "";
			targets = (
				A9FBA98227122C090005E5B6 /* Schedulist (iOS) */,
				A9FBA99427122C090005E5B6 /* Schedulist (macOS) */,
				A9FBA9A127122C090005E5B6 /* Schedulist Extension (iOS) */,
				A9FBA9AB27122C090005E5B6 /* Schedulist Extension (macOS) */,
			);
		};
/* End PBXProject section */

/* Begin PBXResourcesBuildPhase section */
		A9FBA98127122C090005E5B6 /* Resources */ = {
			isa = PBXResourcesBuildPhase;
			buildActionMask = 2147483647;
			files = (
				A9FBA9B527122C090005E5B6 /* Icon.png in Resources */,
				A9FBA98C27122C090005E5B6 /* LaunchScreen.storyboard in Resources */,
				A9FBA9B327122C090005E5B6 /* Main.html in Resources */,
				A9FBA9B927122C090005E5B6 /* Script.js in Resources */,
				A9FBA9BD27122C090005E5B6 /* Assets.xcassets in Resources */,
				A9FBA98F27122C090005E5B6 /* Main.storyboard in Resources */,
				A9FBA9B727122C090005E5B6 /* Style.css in Resources */,
			);
			runOnlyForDeploymentPostprocessing = 0;
		};
		A9FBA99327122C090005E5B6 /* Resources */ = {
			isa = PBXResourcesBuildPhase;
			buildActionMask = 2147483647;
			files = (
				A9FBA9B627122C090005E5B6 /* Icon.png in Resources */,
				A9FBA9B827122C090005E5B6 /* Style.css in Resources */,
				A9FBA99B27122C090005E5B6 /* Main.storyboard in Resources */,
				A9FBA9BA27122C090005E5B6 /* Script.js in Resources */,
				A9FBA9BE27122C090005E5B6 /* Assets.xcassets in Resources */,
				A9FBA9B427122C090005E5B6 /* Main.html in Resources */,
			);
			runOnlyForDeploymentPostprocessing = 0;
		};
		A9FBA9A027122C090005E5B6 /* Resources */ = {
			isa = PBXResourcesBuildPhase;
			buildActionMask = 2147483647;
			files = (
				A9FBA9DC27122C090005E5B6 /* assets in Resources */,
				A9FBA9DB27122C090005E5B6 /* manifest.json in Resources */,
				A9FBA9DA27122C090005E5B6 /* background.js in Resources */,
				A9FBA9DD27122C090005E5B6 /* contentScript.js in Resources */,
			);
			runOnlyForDeploymentPostprocessing = 0;
		};
		A9FBA9AA27122C090005E5B6 /* Resources */ = {
			isa = PBXResourcesBuildPhase;
			buildActionMask = 2147483647;
			files = (
				A9FBA9D827122C090005E5B6 /* assets in Resources */,
				A9FBA9D727122C090005E5B6 /* manifest.json in Resources */,
				A9FBA9D627122C090005E5B6 /* background.js in Resources */,
				A9FBA9D927122C090005E5B6 /* contentScript.js in Resources */,
			);
			runOnlyForDeploymentPostprocessing = 0;
		};
/* End PBXResourcesBuildPhase section */

/* Begin PBXSourcesBuildPhase section */
		A9FBA97F27122C090005E5B6 /* Sources */ = {
			isa = PBXSourcesBuildPhase;
			buildActionMask = 2147483647;
			files = (
				A9FBA9BB27122C090005E5B6 /* ViewController.swift in Sources */,
				A9FBA98727122C090005E5B6 /* AppDelegate.swift in Sources */,
				A9FBA98927122C090005E5B6 /* SceneDelegate.swift in Sources */,
			);
			runOnlyForDeploymentPostprocessing = 0;
		};
		A9FBA99127122C090005E5B6 /* Sources */ = {
			isa = PBXSourcesBuildPhase;
			buildActionMask = 2147483647;
			files = (
				A9FBA9BC27122C090005E5B6 /* ViewController.swift in Sources */,
				A9FBA99827122C090005E5B6 /* AppDelegate.swift in Sources */,
			);
			runOnlyForDeploymentPostprocessing = 0;
		};
		A9FBA99E27122C090005E5B6 /* Sources */ = {
			isa = PBXSourcesBuildPhase;
			buildActionMask = 2147483647;
			files = (
				A9FBA9BF27122C090005E5B6 /* SafariWebExtensionHandler.swift in Sources */,
			);
			runOnlyForDeploymentPostprocessing = 0;
		};
		A9FBA9A827122C090005E5B6 /* Sources */ = {
			isa = PBXSourcesBuildPhase;
			buildActionMask = 2147483647;
			files = (
				A9FBA9C027122C090005E5B6 /* SafariWebExtensionHandler.swift in Sources */,
			);
			runOnlyForDeploymentPostprocessing = 0;
		};
/* End PBXSourcesBuildPhase section */

/* Begin PBXTargetDependency section */
		A9FBA9A527122C090005E5B6 /* PBXTargetDependency */ = {
			isa = PBXTargetDependency;
			target = A9FBA9A127122C090005E5B6 /* Schedulist Extension (iOS) */;
			targetProxy = A9FBA9A427122C090005E5B6 /* PBXContainerItemProxy */;
		};
		A9FBA9AF27122C090005E5B6 /* PBXTargetDependency */ = {
			isa = PBXTargetDependency;
			target = A9FBA9AB27122C090005E5B6 /* Schedulist Extension (macOS) */;
			targetProxy = A9FBA9AE27122C090005E5B6 /* PBXContainerItemProxy */;
		};
/* End PBXTargetDependency section */

/* Begin PBXVariantGroup section */
		A9FBA97627122C070005E5B6 /* Main.html */ = {
			isa = PBXVariantGroup;
			children = (
				A9FBA97727122C070005E5B6 /* Base */,
			);
			name = Main.html;
			sourceTree = "<group>";
		};
		A9FBA98A27122C090005E5B6 /* LaunchScreen.storyboard */ = {
			isa = PBXVariantGroup;
			children = (
				A9FBA98B27122C090005E5B6 /* Base */,
			);
			name = LaunchScreen.storyboard;
			sourceTree = "<group>";
		};
		A9FBA98D27122C090005E5B6 /* Main.storyboard */ = {
			isa = PBXVariantGroup;
			children = (
				A9FBA98E27122C090005E5B6 /* Base */,
			);
			name = Main.storyboard;
			sourceTree = "<group>";
		};
		A9FBA99927122C090005E5B6 /* Main.storyboard */ = {
			isa = PBXVariantGroup;
			children = (
				A9FBA99A27122C090005E5B6 /* Base */,
			);
			name = Main.storyboard;
			sourceTree = "<group>";
		};
/* End PBXVariantGroup section */

/* Begin XCBuildConfiguration section */
		A9FBA9C127122C090005E5B6 /* Debug */ = {
			isa = XCBuildConfiguration;
			buildSettings = {
				ALWAYS_SEARCH_USER_PATHS = NO;
				CLANG_ANALYZER_NONNULL = YES;
				CLANG_ANALYZER_NUMBER_OBJECT_CONVERSION = YES_AGGRESSIVE;
				CLANG_CXX_LANGUAGE_STANDARD = "gnu++17";
				CLANG_CXX_LIBRARY = "libc++";
				CLANG_ENABLE_MODULES = YES;
				CLANG_ENABLE_OBJC_ARC = YES;
				CLANG_ENABLE_OBJC_WEAK = YES;
				CLANG_WARN_BLOCK_CAPTURE_AUTORELEASING = YES;
				CLANG_WARN_BOOL_CONVERSION = YES;
				CLANG_WARN_COMMA = YES;
				CLANG_WARN_CONSTANT_CONVERSION = YES;
				CLANG_WARN_DEPRECATED_OBJC_IMPLEMENTATIONS = YES;
				CLANG_WARN_DIRECT_OBJC_ISA_USAGE = YES_ERROR;
				CLANG_WARN_DOCUMENTATION_COMMENTS = YES;
				CLANG_WARN_EMPTY_BODY = YES;
				CLANG_WARN_ENUM_CONVERSION = YES;
				CLANG_WARN_INFINITE_RECURSION = YES;
				CLANG_WARN_INT_CONVERSION = YES;
				CLANG_WARN_NON_LITERAL_NULL_CONVERSION = YES;
				CLANG_WARN_OBJC_IMPLICIT_RETAIN_SELF = YES;
				CLANG_WARN_OBJC_LITERAL_CONVERSION = YES;
				CLANG_WARN_OBJC_ROOT_CLASS = YES_ERROR;
				CLANG_WARN_QUOTED_INCLUDE_IN_FRAMEWORK_HEADER = YES;
				CLANG_WARN_RANGE_LOOP_ANALYSIS = YES;
				CLANG_WARN_STRICT_PROTOTYPES = YES;
				CLANG_WARN_SUSPICIOUS_MOVE = YES;
				CLANG_WARN_UNGUARDED_AVAILABILITY = YES_AGGRESSIVE;
				CLANG_WARN_UNREACHABLE_CODE = YES;
				CLANG_WARN__DUPLICATE_METHOD_MATCH = YES;
				COPY_PHASE_STRIP = NO;
				DEBUG_INFORMATION_FORMAT = dwarf;
				ENABLE_STRICT_OBJC_MSGSEND = YES;
				ENABLE_TESTABILITY = YES;
				GCC_C_LANGUAGE_STANDARD = gnu11;
				GCC_DYNAMIC_NO_PIC = NO;
				GCC_NO_COMMON_BLOCKS = YES;
				GCC_OPTIMIZATION_LEVEL = 0;
				GCC_PREPROCESSOR_DEFINITIONS = (
					"DEBUG=1",
					"$(inherited)",
				);
				GCC_WARN_64_TO_32_BIT_CONVERSION = YES;
				GCC_WARN_ABOUT_RETURN_TYPE = YES_ERROR;
				GCC_WARN_UNDECLARED_SELECTOR = YES;
				GCC_WARN_UNINITIALIZED_AUTOS = YES_AGGRESSIVE;
				GCC_WARN_UNUSED_FUNCTION = YES;
				GCC_WARN_UNUSED_VARIABLE = YES;
				MTL_ENABLE_DEBUG_INFO = INCLUDE_SOURCE;
				MTL_FAST_MATH = YES;
				ONLY_ACTIVE_ARCH = YES;
				SWIFT_ACTIVE_COMPILATION_CONDITIONS = DEBUG;
				SWIFT_OPTIMIZATION_LEVEL = "-Onone";
			};
			name = Debug;
		};
		A9FBA9C227122C090005E5B6 /* Release */ = {
			isa = XCBuildConfiguration;
			buildSettings = {
				ALWAYS_SEARCH_USER_PATHS = NO;
				CLANG_ANALYZER_NONNULL = YES;
				CLANG_ANALYZER_NUMBER_OBJECT_CONVERSION = YES_AGGRESSIVE;
				CLANG_CXX_LANGUAGE_STANDARD = "gnu++17";
				CLANG_CXX_LIBRARY = "libc++";
				CLANG_ENABLE_MODULES = YES;
				CLANG_ENABLE_OBJC_ARC = YES;
				CLANG_ENABLE_OBJC_WEAK = YES;
				CLANG_WARN_BLOCK_CAPTURE_AUTORELEASING = YES;
				CLANG_WARN_BOOL_CONVERSION = YES;
				CLANG_WARN_COMMA = YES;
				CLANG_WARN_CONSTANT_CONVERSION = YES;
				CLANG_WARN_DEPRECATED_OBJC_IMPLEMENTATIONS = YES;
				CLANG_WARN_DIRECT_OBJC_ISA_USAGE = YES_ERROR;
				CLANG_WARN_DOCUMENTATION_COMMENTS = YES;
				CLANG_WARN_EMPTY_BODY = YES;
				CLANG_WARN_ENUM_CONVERSION = YES;
				CLANG_WARN_INFINITE_RECURSION = YES;
				CLANG_WARN_INT_CONVERSION = YES;
				CLANG_WARN_NON_LITERAL_NULL_CONVERSION = YES;
				CLANG_WARN_OBJC_IMPLICIT_RETAIN_SELF = YES;
				CLANG_WARN_OBJC_LITERAL_CONVERSION = YES;
				CLANG_WARN_OBJC_ROOT_CLASS = YES_ERROR;
				CLANG_WARN_QUOTED_INCLUDE_IN_FRAMEWORK_HEADER = YES;
				CLANG_WARN_RANGE_LOOP_ANALYSIS = YES;
				CLANG_WARN_STRICT_PROTOTYPES = YES;
				CLANG_WARN_SUSPICIOUS_MOVE = YES;
				CLANG_WARN_UNGUARDED_AVAILABILITY = YES_AGGRESSIVE;
				CLANG_WARN_UNREACHABLE_CODE = YES;
				CLANG_WARN__DUPLICATE_METHOD_MATCH = YES;
				COPY_PHASE_STRIP = NO;
				DEBUG_INFORMATION_FORMAT = "dwarf-with-dsym";
				ENABLE_NS_ASSERTIONS = NO;
				ENABLE_STRICT_OBJC_MSGSEND = YES;
				GCC_C_LANGUAGE_STANDARD = gnu11;
				GCC_NO_COMMON_BLOCKS = YES;
				GCC_WARN_64_TO_32_BIT_CONVERSION = YES;
				GCC_WARN_ABOUT_RETURN_TYPE = YES_ERROR;
				GCC_WARN_UNDECLARED_SELECTOR = YES;
				GCC_WARN_UNINITIALIZED_AUTOS = YES_AGGRESSIVE;
				GCC_WARN_UNUSED_FUNCTION = YES;
				GCC_WARN_UNUSED_VARIABLE = YES;
				MTL_ENABLE_DEBUG_INFO = NO;
				MTL_FAST_MATH = YES;
				SWIFT_COMPILATION_MODE = wholemodule;
				SWIFT_OPTIMIZATION_LEVEL = "-O";
			};
			name = Release;
		};
		A9FBA9C427122C090005E5B6 /* Debug */ = {
			isa = XCBuildConfiguration;
			buildSettings = {
				CODE_SIGN_STYLE = Automatic;
				CURRENT_PROJECT_VERSION = 1;
				DEVELOPMENT_TEAM = 34SE8X7Q58;
				GENERATE_INFOPLIST_FILE = YES;
				INFOPLIST_FILE = "iOS (Extension)/Info.plist";
				INFOPLIST_KEY_CFBundleDisplayName = "Schedulist Extension";
				INFOPLIST_KEY_NSHumanReadableCopyright = "";
				IPHONEOS_DEPLOYMENT_TARGET = 15.0;
				LD_RUNPATH_SEARCH_PATHS = (
					"$(inherited)",
					"@executable_path/Frameworks",
					"@executable_path/../../Frameworks",
				);
				MARKETING_VERSION = 1.0;
				OTHER_LDFLAGS = (
					"-framework",
					SafariServices,
				);
				PRODUCT_BUNDLE_IDENTIFIER = "com.kingstinct.save-to-schedulist.Extension";
				PRODUCT_NAME = "Schedulist Extension";
				SDKROOT = iphoneos;
				SKIP_INSTALL = YES;
				SWIFT_EMIT_LOC_STRINGS = YES;
				SWIFT_VERSION = 5.0;
				TARGETED_DEVICE_FAMILY = "1,2";
			};
			name = Debug;
		};
		A9FBA9C527122C090005E5B6 /* Release */ = {
			isa = XCBuildConfiguration;
			buildSettings = {
				CODE_SIGN_STYLE = Automatic;
				CURRENT_PROJECT_VERSION = 1;
				DEVELOPMENT_TEAM = 34SE8X7Q58;
				GENERATE_INFOPLIST_FILE = YES;
				INFOPLIST_FILE = "iOS (Extension)/Info.plist";
				INFOPLIST_KEY_CFBundleDisplayName = "Schedulist Extension";
				INFOPLIST_KEY_NSHumanReadableCopyright = "";
				IPHONEOS_DEPLOYMENT_TARGET = 15.0;
				LD_RUNPATH_SEARCH_PATHS = (
					"$(inherited)",
					"@executable_path/Frameworks",
					"@executable_path/../../Frameworks",
				);
				MARKETING_VERSION = 1.0;
				OTHER_LDFLAGS = (
					"-framework",
					SafariServices,
				);
				PRODUCT_BUNDLE_IDENTIFIER = "com.kingstinct.save-to-schedulist.Extension";
				PRODUCT_NAME = "Schedulist Extension";
				SDKROOT = iphoneos;
				SKIP_INSTALL = YES;
				SWIFT_EMIT_LOC_STRINGS = YES;
				SWIFT_VERSION = 5.0;
				TARGETED_DEVICE_FAMILY = "1,2";
				VALIDATE_PRODUCT = YES;
			};
			name = Release;
		};
		A9FBA9C827122C090005E5B6 /* Debug */ = {
			isa = XCBuildConfiguration;
			buildSettings = {
				ALWAYS_EMBED_SWIFT_STANDARD_LIBRARIES = YES;
				ASSETCATALOG_COMPILER_APPICON_NAME = AppIcon;
				ASSETCATALOG_COMPILER_GLOBAL_ACCENT_COLOR_NAME = AccentColor;
				CODE_SIGN_STYLE = Automatic;
				CURRENT_PROJECT_VERSION = 1;
				DEVELOPMENT_TEAM = 34SE8X7Q58;
				GENERATE_INFOPLIST_FILE = YES;
				INFOPLIST_FILE = "iOS (App)/Info.plist";
				INFOPLIST_KEY_CFBundleDisplayName = Schedulist;
				INFOPLIST_KEY_UIApplicationSupportsIndirectInputEvents = YES;
				INFOPLIST_KEY_UILaunchStoryboardName = LaunchScreen;
				INFOPLIST_KEY_UIMainStoryboardFile = Main;
				INFOPLIST_KEY_UISupportedInterfaceOrientations = "UIInterfaceOrientationPortrait UIInterfaceOrientationLandscapeLeft UIInterfaceOrientationLandscapeRight";
				INFOPLIST_KEY_UISupportedInterfaceOrientations_iPad = "UIInterfaceOrientationPortrait UIInterfaceOrientationPortraitUpsideDown UIInterfaceOrientationLandscapeLeft UIInterfaceOrientationLandscapeRight";
				IPHONEOS_DEPLOYMENT_TARGET = 15.0;
				LD_RUNPATH_SEARCH_PATHS = (
					"$(inherited)",
					"@executable_path/Frameworks",
				);
				MARKETING_VERSION = 1.0;
				OTHER_LDFLAGS = (
					"-framework",
					SafariServices,
					"-framework",
					WebKit,
				);
				PRODUCT_BUNDLE_IDENTIFIER = "com.kingstinct.save-to-schedulist";
				PRODUCT_NAME = Schedulist;
				SDKROOT = iphoneos;
				SWIFT_EMIT_LOC_STRINGS = YES;
				SWIFT_VERSION = 5.0;
				TARGETED_DEVICE_FAMILY = "1,2";
			};
			name = Debug;
		};
		A9FBA9C927122C090005E5B6 /* Release */ = {
			isa = XCBuildConfiguration;
			buildSettings = {
				ALWAYS_EMBED_SWIFT_STANDARD_LIBRARIES = YES;
				ASSETCATALOG_COMPILER_APPICON_NAME = AppIcon;
				ASSETCATALOG_COMPILER_GLOBAL_ACCENT_COLOR_NAME = AccentColor;
				CODE_SIGN_STYLE = Automatic;
				CURRENT_PROJECT_VERSION = 1;
				DEVELOPMENT_TEAM = 34SE8X7Q58;
				GENERATE_INFOPLIST_FILE = YES;
				INFOPLIST_FILE = "iOS (App)/Info.plist";
				INFOPLIST_KEY_CFBundleDisplayName = Schedulist;
				INFOPLIST_KEY_UIApplicationSupportsIndirectInputEvents = YES;
				INFOPLIST_KEY_UILaunchStoryboardName = LaunchScreen;
				INFOPLIST_KEY_UIMainStoryboardFile = Main;
				INFOPLIST_KEY_UISupportedInterfaceOrientations = "UIInterfaceOrientationPortrait UIInterfaceOrientationLandscapeLeft UIInterfaceOrientationLandscapeRight";
				INFOPLIST_KEY_UISupportedInterfaceOrientations_iPad = "UIInterfaceOrientationPortrait UIInterfaceOrientationPortraitUpsideDown UIInterfaceOrientationLandscapeLeft UIInterfaceOrientationLandscapeRight";
				IPHONEOS_DEPLOYMENT_TARGET = 15.0;
				LD_RUNPATH_SEARCH_PATHS = (
					"$(inherited)",
					"@executable_path/Frameworks",
				);
				MARKETING_VERSION = 1.0;
				OTHER_LDFLAGS = (
					"-framework",
					SafariServices,
					"-framework",
					WebKit,
				);
				PRODUCT_BUNDLE_IDENTIFIER = "com.kingstinct.save-to-schedulist";
				PRODUCT_NAME = Schedulist;
				SDKROOT = iphoneos;
				SWIFT_EMIT_LOC_STRINGS = YES;
				SWIFT_VERSION = 5.0;
				TARGETED_DEVICE_FAMILY = "1,2";
				VALIDATE_PRODUCT = YES;
			};
			name = Release;
		};
		A9FBA9CB27122C090005E5B6 /* Debug */ = {
			isa = XCBuildConfiguration;
			buildSettings = {
				CODE_SIGN_ENTITLEMENTS = "macOS (Extension)/Schedulist.entitlements";
				CODE_SIGN_STYLE = Automatic;
				CURRENT_PROJECT_VERSION = 1;
				ENABLE_HARDENED_RUNTIME = YES;
				GENERATE_INFOPLIST_FILE = YES;
				INFOPLIST_FILE = "macOS (Extension)/Info.plist";
				INFOPLIST_KEY_CFBundleDisplayName = "Schedulist Extension";
				INFOPLIST_KEY_NSHumanReadableCopyright = "";
				LD_RUNPATH_SEARCH_PATHS = (
					"$(inherited)",
					"@executable_path/../Frameworks",
					"@executable_path/../../../../Frameworks",
				);
				MACOSX_DEPLOYMENT_TARGET = 10.14;
				MARKETING_VERSION = 1.0;
				OTHER_LDFLAGS = (
					"-framework",
					SafariServices,
				);
				PRODUCT_BUNDLE_IDENTIFIER = "com.kingstinct.save-to-schedulist.Extension";
				PRODUCT_NAME = "Schedulist Extension";
				SDKROOT = macosx;
				SKIP_INSTALL = YES;
				SWIFT_EMIT_LOC_STRINGS = YES;
				SWIFT_VERSION = 5.0;
			};
			name = Debug;
		};
		A9FBA9CC27122C090005E5B6 /* Release */ = {
			isa = XCBuildConfiguration;
			buildSettings = {
				CODE_SIGN_ENTITLEMENTS = "macOS (Extension)/Schedulist.entitlements";
				CODE_SIGN_STYLE = Automatic;
				CURRENT_PROJECT_VERSION = 1;
				ENABLE_HARDENED_RUNTIME = YES;
				GENERATE_INFOPLIST_FILE = YES;
				INFOPLIST_FILE = "macOS (Extension)/Info.plist";
				INFOPLIST_KEY_CFBundleDisplayName = "Schedulist Extension";
				INFOPLIST_KEY_NSHumanReadableCopyright = "";
				LD_RUNPATH_SEARCH_PATHS = (
					"$(inherited)",
					"@executable_path/../Frameworks",
					"@executable_path/../../../../Frameworks",
				);
				MACOSX_DEPLOYMENT_TARGET = 10.14;
				MARKETING_VERSION = 1.0;
				OTHER_LDFLAGS = (
					"-framework",
					SafariServices,
				);
				PRODUCT_BUNDLE_IDENTIFIER = "com.kingstinct.save-to-schedulist.Extension";
				PRODUCT_NAME = "Schedulist Extension";
				SDKROOT = macosx;
				SKIP_INSTALL = YES;
				SWIFT_EMIT_LOC_STRINGS = YES;
				SWIFT_VERSION = 5.0;
			};
			name = Release;
		};
		A9FBA9CF27122C090005E5B6 /* Debug */ = {
			isa = XCBuildConfiguration;
			buildSettings = {
				ALWAYS_EMBED_SWIFT_STANDARD_LIBRARIES = YES;
				ASSETCATALOG_COMPILER_APPICON_NAME = AppIcon;
				ASSETCATALOG_COMPILER_GLOBAL_ACCENT_COLOR_NAME = AccentColor;
				CODE_SIGN_ENTITLEMENTS = "macOS (App)/Schedulist.entitlements";
				CODE_SIGN_STYLE = Automatic;
				CURRENT_PROJECT_VERSION = 1;
				DEVELOPMENT_TEAM = 34SE8X7Q58;
				ENABLE_HARDENED_RUNTIME = YES;
				GENERATE_INFOPLIST_FILE = YES;
				INFOPLIST_FILE = "macOS (App)/Info.plist";
				INFOPLIST_KEY_CFBundleDisplayName = Schedulist;
				INFOPLIST_KEY_NSMainStoryboardFile = Main;
				INFOPLIST_KEY_NSPrincipalClass = NSApplication;
				LD_RUNPATH_SEARCH_PATHS = (
					"$(inherited)",
					"@executable_path/../Frameworks",
				);
				MACOSX_DEPLOYMENT_TARGET = 10.14;
				MARKETING_VERSION = 1.0;
				OTHER_LDFLAGS = (
					"-framework",
					SafariServices,
					"-framework",
					WebKit,
				);
				PRODUCT_BUNDLE_IDENTIFIER = "com.kingstinct.save-to-schedulist";
				PRODUCT_NAME = Schedulist;
				SDKROOT = macosx;
				SWIFT_EMIT_LOC_STRINGS = YES;
				SWIFT_VERSION = 5.0;
			};
			name = Debug;
		};
		A9FBA9D027122C090005E5B6 /* Release */ = {
			isa = XCBuildConfiguration;
			buildSettings = {
				ALWAYS_EMBED_SWIFT_STANDARD_LIBRARIES = YES;
				ASSETCATALOG_COMPILER_APPICON_NAME = AppIcon;
				ASSETCATALOG_COMPILER_GLOBAL_ACCENT_COLOR_NAME = AccentColor;
				CODE_SIGN_ENTITLEMENTS = "macOS (App)/Schedulist.entitlements";
				CODE_SIGN_STYLE = Automatic;
				CURRENT_PROJECT_VERSION = 1;
				DEVELOPMENT_TEAM = 34SE8X7Q58;
				ENABLE_HARDENED_RUNTIME = YES;
				GENERATE_INFOPLIST_FILE = YES;
				INFOPLIST_FILE = "macOS (App)/Info.plist";
				INFOPLIST_KEY_CFBundleDisplayName = Schedulist;
				INFOPLIST_KEY_NSMainStoryboardFile = Main;
				INFOPLIST_KEY_NSPrincipalClass = NSApplication;
				LD_RUNPATH_SEARCH_PATHS = (
					"$(inherited)",
					"@executable_path/../Frameworks",
				);
				MACOSX_DEPLOYMENT_TARGET = 10.14;
				MARKETING_VERSION = 1.0;
				OTHER_LDFLAGS = (
					"-framework",
					SafariServices,
					"-framework",
					WebKit,
				);
				PRODUCT_BUNDLE_IDENTIFIER = "com.kingstinct.save-to-schedulist";
				PRODUCT_NAME = Schedulist;
				SDKROOT = macosx;
				SWIFT_EMIT_LOC_STRINGS = YES;
				SWIFT_VERSION = 5.0;
			};
			name = Release;
		};
/* End XCBuildConfiguration section */

/* Begin XCConfigurationList section */
		A9FBA97327122C070005E5B6 /* Build configuration list for PBXProject "Schedulist" */ = {
			isa = XCConfigurationList;
			buildConfigurations = (
				A9FBA9C127122C090005E5B6 /* Debug */,
				A9FBA9C227122C090005E5B6 /* Release */,
			);
			defaultConfigurationIsVisible = 0;
			defaultConfigurationName = Release;
		};
		A9FBA9C327122C090005E5B6 /* Build configuration list for PBXNativeTarget "Schedulist Extension (iOS)" */ = {
			isa = XCConfigurationList;
			buildConfigurations = (
				A9FBA9C427122C090005E5B6 /* Debug */,
				A9FBA9C527122C090005E5B6 /* Release */,
			);
			defaultConfigurationIsVisible = 0;
			defaultConfigurationName = Release;
		};
		A9FBA9C727122C090005E5B6 /* Build configuration list for PBXNativeTarget "Schedulist (iOS)" */ = {
			isa = XCConfigurationList;
			buildConfigurations = (
				A9FBA9C827122C090005E5B6 /* Debug */,
				A9FBA9C927122C090005E5B6 /* Release */,
			);
			defaultConfigurationIsVisible = 0;
			defaultConfigurationName = Release;
		};
		A9FBA9CA27122C090005E5B6 /* Build configuration list for PBXNativeTarget "Schedulist Extension (macOS)" */ = {
			isa = XCConfigurationList;
			buildConfigurations = (
				A9FBA9CB27122C090005E5B6 /* Debug */,
				A9FBA9CC27122C090005E5B6 /* Release */,
			);
			defaultConfigurationIsVisible = 0;
			defaultConfigurationName = Release;
		};
		A9FBA9CE27122C090005E5B6 /* Build configuration list for PBXNativeTarget "Schedulist (macOS)" */ = {
			isa = XCConfigurationList;
			buildConfigurations = (
				A9FBA9CF27122C090005E5B6 /* Debug */,
				A9FBA9D027122C090005E5B6 /* Release */,
			);
			defaultConfigurationIsVisible = 0;
			defaultConfigurationName = Release;
		};
/* End XCConfigurationList section */
	};
	rootObject = A9FBA97027122C070005E5B6 /* Project object */;
}
